
Microsoft Visual Studio Solution File, Format Version 12.00
# Visual Studio Version 17
VisualStudioVersion = 17.5.33516.290
MinimumVisualStudioVersion = 10.0.40219.1
Project("{FAE04EC0-301F-11D3-BF4B-00C04F79EFBC}") = "DXMauiApp", "DXMauiApp\DXMauiApp.csproj", "{D3D2A9B0-274E-432F-8899-6EAE90DD33BD}"
EndProject
Global
	GlobalSection(SolutionConfigurationPlatforms) = preSolution
		Debug|Any CPU = Debug|Any CPU
		Release|Any CPU = Release|Any CPU
	EndGlobalSection
	GlobalSection(ProjectConfigurationPlatforms) = postSolution
		{D3D2A9B0-274E-432F-8899-6EAE90DD33BD}.Debug|Any CPU.ActiveCfg = Debug|Any CPU
		{D3D2A9B0-274E-432F-8899-6EAE90DD33BD}.Debug|Any CPU.Build.0 = Debug|Any CPU
		{D3D2A9B0-274E-432F-8899-6EAE90DD33BD}.Debug|Any CPU.Deploy.0 = Debug|Any CPU
		{D3D2A9B0-274E-432F-8899-6EAE90DD33BD}.Release|Any CPU.ActiveCfg = Release|Any CPU
		{D3D2A9B0-274E-432F-8899-6EAE90DD33BD}.Release|Any CPU.Build.0 = Release|Any CPU
		{D3D2A9B0-274E-432F-8899-6EAE90DD33BD}.Release|Any CPU.Deploy.0 = Release|Any CPU
	EndGlobalSection
	GlobalSection(SolutionProperties) = preSolution
		HideSolutionNode = FALSE
	EndGlobalSection
	GlobalSection(ExtensibilityGlobals) = postSolution
		SolutionGuid = {1075F970-FAF0-4436-8E70-42054D402520}
	EndGlobalSection
EndGlobal
